
Microsoft Visual Studio Solution File, Format Version 12.00
# Visual Studio 14
VisualStudioVersion = 14.0.25123.0
MinimumVisualStudioVersion = 10.0.40219.1
Project("{FAE04EC0-301F-11D3-BF4B-00C04F79EFBC}") = "BookStore.MVC", "BookStore.MVC\BookStore.MVC.csproj", "{B02C8CAE-AF7A-4E3E-B1F4-38100309B53B}"
EndProject
Project("{FAE04EC0-301F-11D3-BF4B-00C04F79EFBC}") = "BookStore.Entities", "BookStore.Entities\BookStore.Entities.csproj", "{2756F31D-3B04-4A96-B53F-E6E5F56CF0AA}"
EndProject
Global
	GlobalSection(SolutionConfigurationPlatforms) = preSolution
		Debug|Any CPU = Debug|Any CPU
		Release|Any CPU = Release|Any CPU
	EndGlobalSection
	GlobalSection(ProjectConfigurationPlatforms) = postSolution
		{B02C8CAE-AF7A-4E3E-B1F4-38100309B53B}.Debug|Any CPU.ActiveCfg = Debug|Any CPU
		{B02C8CAE-AF7A-4E3E-B1F4-38100309B53B}.Debug|Any CPU.Build.0 = Debug|Any CPU
		{B02C8CAE-AF7A-4E3E-B1F4-38100309B53B}.Release|Any CPU.ActiveCfg = Release|Any CPU
		{B02C8CAE-AF7A-4E3E-B1F4-38100309B53B}.Release|Any CPU.Build.0 = Release|Any CPU
		{2756F31D-3B04-4A96-B53F-E6E5F56CF0AA}.Debug|Any CPU.ActiveCfg = Debug|Any CPU
		{2756F31D-3B04-4A96-B53F-E6E5F56CF0AA}.Debug|Any CPU.Build.0 = Debug|Any CPU
		{2756F31D-3B04-4A96-B53F-E6E5F56CF0AA}.Release|Any CPU.ActiveCfg = Release|Any CPU
		{2756F31D-3B04-4A96-B53F-E6E5F56CF0AA}.Release|Any CPU.Build.0 = Release|Any CPU
	EndGlobalSection
	GlobalSection(SolutionProperties) = preSolution
		HideSolutionNode = FALSE
	EndGlobalSection
EndGlobal
